
Microsoft Visual Studio Solution File, Format Version 12.00
# Visual Studio Version 17
VisualStudioVersion = 17.14.36221.1
MinimumVisualStudioVersion = 10.0.40219.1
Project("{8BC9CEB8-8B4A-11D0-8D11-00A0C91BC942}") = "C++11", "C++11\C++11.vcxproj", "{6F0A8E3F-9E5F-4860-8AD7-A027915C93F9}"
EndProject
Project("{8BC9CEB8-8B4A-11D0-8D11-00A0C91BC942}") = "C++", "C++\C++.vcxproj", "{50971B8A-4D90-457B-B9AD-64FD38D70279}"
EndProject
Project("{8BC9CEB8-8B4A-11D0-8D11-00A0C91BC942}") = "C++14", "C++14\C++14.vcxproj", "{0B1F2B5E-5BF2-46C2-A5C0-F9B18E49B853}"
EndProject
Project("{8BC9CEB8-8B4A-11D0-8D11-00A0C91BC942}") = "C++141", "C++141\C++141.vcxproj", "{B784B960-8A3C-4F02-B1FA-A31FDAD5FBF4}"
EndProject
Project("{8BC9CEB8-8B4A-11D0-8D11-00A0C91BC942}") = "C++143", "C++143\C++143.vcxproj", "{60D57408-E79A-4B22-B063-BFA405105628}"
EndProject
Project("{8BC9CEB8-8B4A-11D0-8D11-00A0C91BC942}") = "C++142", "C++142\C++142.vcxproj", "{42F71883-0FDE-428F-BA5C-F20A6075058A}"
EndProject
Project("{8BC9CEB8-8B4A-11D0-8D11-00A0C91BC942}") = "TestCode", "TestCode\TestCode.vcxproj", "{11B7193A-38E2-49A9-AB42-B86FF6FAFA95}"
EndProject
Project("{2150E333-8FDC-42A3-9474-1A3956D46DE8}") = "Library", "Library", "{C8D5274F-AC00-46C7-1F8D-E88E81087A52}"
	ProjectSection(SolutionItems) = preProject
		Libs\abi_common.h = Libs\abi_common.h
	EndProjectSection
EndProject
Project("{2150E333-8FDC-42A3-9474-1A3956D46DE8}") = "Exe", "Exe", "{941A8A3B-2B38-4E67-B9AE-A3D7F6DC65D4}"
EndProject
Project("{8BC9CEB8-8B4A-11D0-8D11-00A0C91BC942}") = "Exe-DLL", "Exe-DLL\Exe-DLL.vcxproj", "{59B29A7C-43CD-4EA2-8B9D-9B8C3F9F87F3}"
EndProject
Project("{8BC9CEB8-8B4A-11D0-8D11-00A0C91BC942}") = "Exe-Lib", "Exe-Lib\Exe-Lib.vcxproj", "{5A8580E8-30D2-48F4-A44A-8441091F044F}"
EndProject
Project("{8BC9CEB8-8B4A-11D0-8D11-00A0C91BC942}") = "Lib-CPP-static", "Libs\Lib-CPP-static\Lib-CPP-static.vcxproj", "{9820BCCA-0DA5-49EC-B9B9-B5155704DD61}"
EndProject
Project("{8BC9CEB8-8B4A-11D0-8D11-00A0C91BC942}") = "Lib-C-static", "Libs\Lib-C-static\Lib-C-static.vcxproj", "{7F6B77B7-8D62-4916-A6C7-1BF49B0403AB}"
EndProject
Project("{8BC9CEB8-8B4A-11D0-8D11-00A0C91BC942}") = "Lib-DLL-Delay", "Libs\Lib-DLL-Delay\Lib-DLL-Delay.vcxproj", "{C3290AC1-EE24-4C43-A32C-6E6A6995D105}"
EndProject
Project("{8BC9CEB8-8B4A-11D0-8D11-00A0C91BC942}") = "Lib-DLL-Explicit", "Libs\Lib-DLL-Explicit\Lib-DLL-Explicit.vcxproj", "{227EE074-C024-49BD-B564-8FA14F85A492}"
EndProject
Project("{8BC9CEB8-8B4A-11D0-8D11-00A0C91BC942}") = "Lib-DLL-Implicit", "Libs\Lib-DLL-Implicit\Lib-DLL-Implicit.vcxproj", "{77B0BEBA-173C-49E6-A9E9-4BBA1552C411}"
EndProject
Global
	GlobalSection(SolutionConfigurationPlatforms) = preSolution
		Debug|x64 = Debug|x64
		Debug|x86 = Debug|x86
		Debug-MD|x64 = Debug-MD|x64
		Debug-MD|x86 = Debug-MD|x86
		Release|x64 = Release|x64
		Release|x86 = Release|x86
		Release-MD|x64 = Release-MD|x64
		Release-MD|x86 = Release-MD|x86
	EndGlobalSection
	GlobalSection(ProjectConfigurationPlatforms) = postSolution
		{6F0A8E3F-9E5F-4860-8AD7-A027915C93F9}.Debug|x64.ActiveCfg = Debug|x64
		{6F0A8E3F-9E5F-4860-8AD7-A027915C93F9}.Debug|x64.Build.0 = Debug|x64
		{6F0A8E3F-9E5F-4860-8AD7-A027915C93F9}.Debug|x86.ActiveCfg = Debug|Win32
		{6F0A8E3F-9E5F-4860-8AD7-A027915C93F9}.Debug|x86.Build.0 = Debug|Win32
		{6F0A8E3F-9E5F-4860-8AD7-A027915C93F9}.Debug-MD|x64.ActiveCfg = Debug|x64
		{6F0A8E3F-9E5F-4860-8AD7-A027915C93F9}.Debug-MD|x64.Build.0 = Debug|x64
		{6F0A8E3F-9E5F-4860-8AD7-A027915C93F9}.Debug-MD|x86.ActiveCfg = Debug|Win32
		{6F0A8E3F-9E5F-4860-8AD7-A027915C93F9}.Debug-MD|x86.Build.0 = Debug|Win32
		{6F0A8E3F-9E5F-4860-8AD7-A027915C93F9}.Release|x64.ActiveCfg = Release|x64
		{6F0A8E3F-9E5F-4860-8AD7-A027915C93F9}.Release|x64.Build.0 = Release|x64
		{6F0A8E3F-9E5F-4860-8AD7-A027915C93F9}.Release|x86.ActiveCfg = Release|Win32
		{6F0A8E3F-9E5F-4860-8AD7-A027915C93F9}.Release|x86.Build.0 = Release|Win32
		{6F0A8E3F-9E5F-4860-8AD7-A027915C93F9}.Release-MD|x64.ActiveCfg = Release|x64
		{6F0A8E3F-9E5F-4860-8AD7-A027915C93F9}.Release-MD|x64.Build.0 = Release|x64
		{6F0A8E3F-9E5F-4860-8AD7-A027915C93F9}.Release-MD|x86.ActiveCfg = Release|Win32
		{6F0A8E3F-9E5F-4860-8AD7-A027915C93F9}.Release-MD|x86.Build.0 = Release|Win32
		{50971B8A-4D90-457B-B9AD-64FD38D70279}.Debug|x64.ActiveCfg = Debug|x64
		{50971B8A-4D90-457B-B9AD-64FD38D70279}.Debug|x64.Build.0 = Debug|x64
		{50971B8A-4D90-457B-B9AD-64FD38D70279}.Debug|x86.ActiveCfg = Debug|Win32
		{50971B8A-4D90-457B-B9AD-64FD38D70279}.Debug|x86.Build.0 = Debug|Win32
		{50971B8A-4D90-457B-B9AD-64FD38D70279}.Debug-MD|x64.ActiveCfg = Debug|x64
		{50971B8A-4D90-457B-B9AD-64FD38D70279}.Debug-MD|x64.Build.0 = Debug|x64
		{50971B8A-4D90-457B-B9AD-64FD38D70279}.Debug-MD|x86.ActiveCfg = Debug|Win32
		{50971B8A-4D90-457B-B9AD-64FD38D70279}.Debug-MD|x86.Build.0 = Debug|Win32
		{50971B8A-4D90-457B-B9AD-64FD38D70279}.Release|x64.ActiveCfg = Release|x64
		{50971B8A-4D90-457B-B9AD-64FD38D70279}.Release|x64.Build.0 = Release|x64
		{50971B8A-4D90-457B-B9AD-64FD38D70279}.Release|x86.ActiveCfg = Release|Win32
		{50971B8A-4D90-457B-B9AD-64FD38D70279}.Release|x86.Build.0 = Release|Win32
		{50971B8A-4D90-457B-B9AD-64FD38D70279}.Release-MD|x64.ActiveCfg = Release|x64
		{50971B8A-4D90-457B-B9AD-64FD38D70279}.Release-MD|x64.Build.0 = Release|x64
		{50971B8A-4D90-457B-B9AD-64FD38D70279}.Release-MD|x86.ActiveCfg = Release|Win32
		{50971B8A-4D90-457B-B9AD-64FD38D70279}.Release-MD|x86.Build.0 = Release|Win32
		{0B1F2B5E-5BF2-46C2-A5C0-F9B18E49B853}.Debug|x64.ActiveCfg = Debug|x64
		{0B1F2B5E-5BF2-46C2-A5C0-F9B18E49B853}.Debug|x64.Build.0 = Debug|x64
		{0B1F2B5E-5BF2-46C2-A5C0-F9B18E49B853}.Debug|x86.ActiveCfg = Debug|Win32
		{0B1F2B5E-5BF2-46C2-A5C0-F9B18E49B853}.Debug|x86.Build.0 = Debug|Win32
		{0B1F2B5E-5BF2-46C2-A5C0-F9B18E49B853}.Debug-MD|x64.ActiveCfg = Debug|x64
		{0B1F2B5E-5BF2-46C2-A5C0-F9B18E49B853}.Debug-MD|x64.Build.0 = Debug|x64
		{0B1F2B5E-5BF2-46C2-A5C0-F9B18E49B853}.Debug-MD|x86.ActiveCfg = Debug|Win32
		{0B1F2B5E-5BF2-46C2-A5C0-F9B18E49B853}.Debug-MD|x86.Build.0 = Debug|Win32
		{0B1F2B5E-5BF2-46C2-A5C0-F9B18E49B853}.Release|x64.ActiveCfg = Release|x64
		{0B1F2B5E-5BF2-46C2-A5C0-F9B18E49B853}.Release|x64.Build.0 = Release|x64
		{0B1F2B5E-5BF2-46C2-A5C0-F9B18E49B853}.Release|x86.ActiveCfg = Release|Win32
		{0B1F2B5E-5BF2-46C2-A5C0-F9B18E49B853}.Release|x86.Build.0 = Release|Win32
		{0B1F2B5E-5BF2-46C2-A5C0-F9B18E49B853}.Release-MD|x64.ActiveCfg = Release|x64
		{0B1F2B5E-5BF2-46C2-A5C0-F9B18E49B853}.Release-MD|x64.Build.0 = Release|x64
		{0B1F2B5E-5BF2-46C2-A5C0-F9B18E49B853}.Release-MD|x86.ActiveCfg = Release|Win32
		{0B1F2B5E-5BF2-46C2-A5C0-F9B18E49B853}.Release-MD|x86.Build.0 = Release|Win32
		{B784B960-8A3C-4F02-B1FA-A31FDAD5FBF4}.Debug|x64.ActiveCfg = Debug|x64
		{B784B960-8A3C-4F02-B1FA-A31FDAD5FBF4}.Debug|x64.Build.0 = Debug|x64
		{B784B960-8A3C-4F02-B1FA-A31FDAD5FBF4}.Debug|x86.ActiveCfg = Debug|Win32
		{B784B960-8A3C-4F02-B1FA-A31FDAD5FBF4}.Debug|x86.Build.0 = Debug|Win32
		{B784B960-8A3C-4F02-B1FA-A31FDAD5FBF4}.Debug-MD|x64.ActiveCfg = Debug|x64
		{B784B960-8A3C-4F02-B1FA-A31FDAD5FBF4}.Debug-MD|x64.Build.0 = Debug|x64
		{B784B960-8A3C-4F02-B1FA-A31FDAD5FBF4}.Debug-MD|x86.ActiveCfg = Debug|Win32
		{B784B960-8A3C-4F02-B1FA-A31FDAD5FBF4}.Debug-MD|x86.Build.0 = Debug|Win32
		{B784B960-8A3C-4F02-B1FA-A31FDAD5FBF4}.Release|x64.ActiveCfg = Release|x64
		{B784B960-8A3C-4F02-B1FA-A31FDAD5FBF4}.Release|x64.Build.0 = Release|x64
		{B784B960-8A3C-4F02-B1FA-A31FDAD5FBF4}.Release|x86.ActiveCfg = Release|Win32
		{B784B960-8A3C-4F02-B1FA-A31FDAD5FBF4}.Release|x86.Build.0 = Release|Win32
		{B784B960-8A3C-4F02-B1FA-A31FDAD5FBF4}.Release-MD|x64.ActiveCfg = Release|x64
		{B784B960-8A3C-4F02-B1FA-A31FDAD5FBF4}.Release-MD|x64.Build.0 = Release|x64
		{B784B960-8A3C-4F02-B1FA-A31FDAD5FBF4}.Release-MD|x86.ActiveCfg = Release|Win32
		{B784B960-8A3C-4F02-B1FA-A31FDAD5FBF4}.Release-MD|x86.Build.0 = Release|Win32
		{60D57408-E79A-4B22-B063-BFA405105628}.Debug|x64.ActiveCfg = Debug|x64
		{60D57408-E79A-4B22-B063-BFA405105628}.Debug|x64.Build.0 = Debug|x64
		{60D57408-E79A-4B22-B063-BFA405105628}.Debug|x86.ActiveCfg = Debug|Win32
		{60D57408-E79A-4B22-B063-BFA405105628}.Debug|x86.Build.0 = Debug|Win32
		{60D57408-E79A-4B22-B063-BFA405105628}.Debug-MD|x64.ActiveCfg = Debug|x64
		{60D57408-E79A-4B22-B063-BFA405105628}.Debug-MD|x64.Build.0 = Debug|x64
		{60D57408-E79A-4B22-B063-BFA405105628}.Debug-MD|x86.ActiveCfg = Debug|Win32
		{60D57408-E79A-4B22-B063-BFA405105628}.Debug-MD|x86.Build.0 = Debug|Win32
		{60D57408-E79A-4B22-B063-BFA405105628}.Release|x64.ActiveCfg = Release|x64
		{60D57408-E79A-4B22-B063-BFA405105628}.Release|x64.Build.0 = Release|x64
		{60D57408-E79A-4B22-B063-BFA405105628}.Release|x86.ActiveCfg = Release|Win32
		{60D57408-E79A-4B22-B063-BFA405105628}.Release|x86.Build.0 = Release|Win32
		{60D57408-E79A-4B22-B063-BFA405105628}.Release-MD|x64.ActiveCfg = Release|x64
		{60D57408-E79A-4B22-B063-BFA405105628}.Release-MD|x64.Build.0 = Release|x64
		{60D57408-E79A-4B22-B063-BFA405105628}.Release-MD|x86.ActiveCfg = Release|Win32
		{60D57408-E79A-4B22-B063-BFA405105628}.Release-MD|x86.Build.0 = Release|Win32
		{42F71883-0FDE-428F-BA5C-F20A6075058A}.Debug|x64.ActiveCfg = Debug|x64
		{42F71883-0FDE-428F-BA5C-F20A6075058A}.Debug|x64.Build.0 = Debug|x64
		{42F71883-0FDE-428F-BA5C-F20A6075058A}.Debug|x86.ActiveCfg = Debug|Win32
		{42F71883-0FDE-428F-BA5C-F20A6075058A}.Debug|x86.Build.0 = Debug|Win32
		{42F71883-0FDE-428F-BA5C-F20A6075058A}.Debug-MD|x64.ActiveCfg = Debug|x64
		{42F71883-0FDE-428F-BA5C-F20A6075058A}.Debug-MD|x64.Build.0 = Debug|x64
		{42F71883-0FDE-428F-BA5C-F20A6075058A}.Debug-MD|x86.ActiveCfg = Debug|Win32
		{42F71883-0FDE-428F-BA5C-F20A6075058A}.Debug-MD|x86.Build.0 = Debug|Win32
		{42F71883-0FDE-428F-BA5C-F20A6075058A}.Release|x64.ActiveCfg = Release|x64
		{42F71883-0FDE-428F-BA5C-F20A6075058A}.Release|x64.Build.0 = Release|x64
		{42F71883-0FDE-428F-BA5C-F20A6075058A}.Release|x86.ActiveCfg = Release|Win32
		{42F71883-0FDE-428F-BA5C-F20A6075058A}.Release|x86.Build.0 = Release|Win32
		{42F71883-0FDE-428F-BA5C-F20A6075058A}.Release-MD|x64.ActiveCfg = Release|x64
		{42F71883-0FDE-428F-BA5C-F20A6075058A}.Release-MD|x64.Build.0 = Release|x64
		{42F71883-0FDE-428F-BA5C-F20A6075058A}.Release-MD|x86.ActiveCfg = Release|Win32
		{42F71883-0FDE-428F-BA5C-F20A6075058A}.Release-MD|x86.Build.0 = Release|Win32
		{11B7193A-38E2-49A9-AB42-B86FF6FAFA95}.Debug|x64.ActiveCfg = Debug|x64
		{11B7193A-38E2-49A9-AB42-B86FF6FAFA95}.Debug|x64.Build.0 = Debug|x64
		{11B7193A-38E2-49A9-AB42-B86FF6FAFA95}.Debug|x86.ActiveCfg = Debug|Win32
		{11B7193A-38E2-49A9-AB42-B86FF6FAFA95}.Debug|x86.Build.0 = Debug|Win32
		{11B7193A-38E2-49A9-AB42-B86FF6FAFA95}.Debug-MD|x64.ActiveCfg = Debug|x64
		{11B7193A-38E2-49A9-AB42-B86FF6FAFA95}.Debug-MD|x64.Build.0 = Debug|x64
		{11B7193A-38E2-49A9-AB42-B86FF6FAFA95}.Debug-MD|x86.ActiveCfg = Debug|Win32
		{11B7193A-38E2-49A9-AB42-B86FF6FAFA95}.Debug-MD|x86.Build.0 = Debug|Win32
		{11B7193A-38E2-49A9-AB42-B86FF6FAFA95}.Release|x64.ActiveCfg = Release|x64
		{11B7193A-38E2-49A9-AB42-B86FF6FAFA95}.Release|x64.Build.0 = Release|x64
		{11B7193A-38E2-49A9-AB42-B86FF6FAFA95}.Release|x86.ActiveCfg = Release|Win32
		{11B7193A-38E2-49A9-AB42-B86FF6FAFA95}.Release|x86.Build.0 = Release|Win32
		{11B7193A-38E2-49A9-AB42-B86FF6FAFA95}.Release-MD|x64.ActiveCfg = Release|x64
		{11B7193A-38E2-49A9-AB42-B86FF6FAFA95}.Release-MD|x64.Build.0 = Release|x64
		{11B7193A-38E2-49A9-AB42-B86FF6FAFA95}.Release-MD|x86.ActiveCfg = Release|Win32
		{11B7193A-38E2-49A9-AB42-B86FF6FAFA95}.Release-MD|x86.Build.0 = Release|Win32
		{59B29A7C-43CD-4EA2-8B9D-9B8C3F9F87F3}.Debug|x64.ActiveCfg = Debug|x64
		{59B29A7C-43CD-4EA2-8B9D-9B8C3F9F87F3}.Debug|x64.Build.0 = Debug|x64
		{59B29A7C-43CD-4EA2-8B9D-9B8C3F9F87F3}.Debug|x86.ActiveCfg = Debug|Win32
		{59B29A7C-43CD-4EA2-8B9D-9B8C3F9F87F3}.Debug|x86.Build.0 = Debug|Win32
		{59B29A7C-43CD-4EA2-8B9D-9B8C3F9F87F3}.Debug-MD|x64.ActiveCfg = Debug|x64
		{59B29A7C-43CD-4EA2-8B9D-9B8C3F9F87F3}.Debug-MD|x64.Build.0 = Debug|x64
		{59B29A7C-43CD-4EA2-8B9D-9B8C3F9F87F3}.Debug-MD|x86.ActiveCfg = Debug|Win32
		{59B29A7C-43CD-4EA2-8B9D-9B8C3F9F87F3}.Debug-MD|x86.Build.0 = Debug|Win32
		{59B29A7C-43CD-4EA2-8B9D-9B8C3F9F87F3}.Release|x64.ActiveCfg = Release|x64
		{59B29A7C-43CD-4EA2-8B9D-9B8C3F9F87F3}.Release|x64.Build.0 = Release|x64
		{59B29A7C-43CD-4EA2-8B9D-9B8C3F9F87F3}.Release|x86.ActiveCfg = Release|Win32
		{59B29A7C-43CD-4EA2-8B9D-9B8C3F9F87F3}.Release|x86.Build.0 = Release|Win32
		{59B29A7C-43CD-4EA2-8B9D-9B8C3F9F87F3}.Release-MD|x64.ActiveCfg = Release|x64
		{59B29A7C-43CD-4EA2-8B9D-9B8C3F9F87F3}.Release-MD|x64.Build.0 = Release|x64
		{59B29A7C-43CD-4EA2-8B9D-9B8C3F9F87F3}.Release-MD|x86.ActiveCfg = Release|Win32
		{59B29A7C-43CD-4EA2-8B9D-9B8C3F9F87F3}.Release-MD|x86.Build.0 = Release|Win32
		{5A8580E8-30D2-48F4-A44A-8441091F044F}.Debug|x64.ActiveCfg = Debug|x64
		{5A8580E8-30D2-48F4-A44A-8441091F044F}.Debug|x64.Build.0 = Debug|x64
		{5A8580E8-30D2-48F4-A44A-8441091F044F}.Debug|x86.ActiveCfg = Debug|Win32
		{5A8580E8-30D2-48F4-A44A-8441091F044F}.Debug|x86.Build.0 = Debug|Win32
		{5A8580E8-30D2-48F4-A44A-8441091F044F}.Debug-MD|x64.ActiveCfg = Debug|x64
		{5A8580E8-30D2-48F4-A44A-8441091F044F}.Debug-MD|x64.Build.0 = Debug|x64
		{5A8580E8-30D2-48F4-A44A-8441091F044F}.Debug-MD|x86.ActiveCfg = Debug|Win32
		{5A8580E8-30D2-48F4-A44A-8441091F044F}.Debug-MD|x86.Build.0 = Debug|Win32
		{5A8580E8-30D2-48F4-A44A-8441091F044F}.Release|x64.ActiveCfg = Release|x64
		{5A8580E8-30D2-48F4-A44A-8441091F044F}.Release|x64.Build.0 = Release|x64
		{5A8580E8-30D2-48F4-A44A-8441091F044F}.Release|x86.ActiveCfg = Release|Win32
		{5A8580E8-30D2-48F4-A44A-8441091F044F}.Release|x86.Build.0 = Release|Win32
		{5A8580E8-30D2-48F4-A44A-8441091F044F}.Release-MD|x64.ActiveCfg = Release|x64
		{5A8580E8-30D2-48F4-A44A-8441091F044F}.Release-MD|x64.Build.0 = Release|x64
		{5A8580E8-30D2-48F4-A44A-8441091F044F}.Release-MD|x86.ActiveCfg = Release|Win32
		{5A8580E8-30D2-48F4-A44A-8441091F044F}.Release-MD|x86.Build.0 = Release|Win32
		{9820BCCA-0DA5-49EC-B9B9-B5155704DD61}.Debug|x64.ActiveCfg = Debug-MT|x64
		{9820BCCA-0DA5-49EC-B9B9-B5155704DD61}.Debug|x64.Build.0 = Debug-MT|x64
		{9820BCCA-0DA5-49EC-B9B9-B5155704DD61}.Debug|x86.ActiveCfg = Debug-MT|Win32
		{9820BCCA-0DA5-49EC-B9B9-B5155704DD61}.Debug|x86.Build.0 = Debug-MT|Win32
		{9820BCCA-0DA5-49EC-B9B9-B5155704DD61}.Debug-MD|x64.ActiveCfg = Debug-MD|x64
		{9820BCCA-0DA5-49EC-B9B9-B5155704DD61}.Debug-MD|x64.Build.0 = Debug-MD|x64
		{9820BCCA-0DA5-49EC-B9B9-B5155704DD61}.Debug-MD|x86.ActiveCfg = Debug-MD|Win32
		{9820BCCA-0DA5-49EC-B9B9-B5155704DD61}.Debug-MD|x86.Build.0 = Debug-MD|Win32
		{9820BCCA-0DA5-49EC-B9B9-B5155704DD61}.Release|x64.ActiveCfg = Release-MT|x64
		{9820BCCA-0DA5-49EC-B9B9-B5155704DD61}.Release|x64.Build.0 = Release-MT|x64
		{9820BCCA-0DA5-49EC-B9B9-B5155704DD61}.Release|x86.ActiveCfg = Release-MT|Win32
		{9820BCCA-0DA5-49EC-B9B9-B5155704DD61}.Release|x86.Build.0 = Release-MT|Win32
		{9820BCCA-0DA5-49EC-B9B9-B5155704DD61}.Release-MD|x64.ActiveCfg = Release-MT|x64
		{9820BCCA-0DA5-49EC-B9B9-B5155704DD61}.Release-MD|x64.Build.0 = Release-MT|x64
		{9820BCCA-0DA5-49EC-B9B9-B5155704DD61}.Release-MD|x86.ActiveCfg = Release-MD|Win32
		{9820BCCA-0DA5-49EC-B9B9-B5155704DD61}.Release-MD|x86.Build.0 = Release-MD|Win32
		{7F6B77B7-8D62-4916-A6C7-1BF49B0403AB}.Debug|x64.ActiveCfg = Debug|x64
		{7F6B77B7-8D62-4916-A6C7-1BF49B0403AB}.Debug|x64.Build.0 = Debug|x64
		{7F6B77B7-8D62-4916-A6C7-1BF49B0403AB}.Debug|x86.ActiveCfg = Debug|Win32
		{7F6B77B7-8D62-4916-A6C7-1BF49B0403AB}.Debug|x86.Build.0 = Debug|Win32
		{7F6B77B7-8D62-4916-A6C7-1BF49B0403AB}.Debug-MD|x64.ActiveCfg = Debug|x64
		{7F6B77B7-8D62-4916-A6C7-1BF49B0403AB}.Debug-MD|x64.Build.0 = Debug|x64
		{7F6B77B7-8D62-4916-A6C7-1BF49B0403AB}.Debug-MD|x86.ActiveCfg = Debug|Win32
		{7F6B77B7-8D62-4916-A6C7-1BF49B0403AB}.Debug-MD|x86.Build.0 = Debug|Win32
		{7F6B77B7-8D62-4916-A6C7-1BF49B0403AB}.Release|x64.ActiveCfg = Release|x64
		{7F6B77B7-8D62-4916-A6C7-1BF49B0403AB}.Release|x64.Build.0 = Release|x64
		{7F6B77B7-8D62-4916-A6C7-1BF49B0403AB}.Release|x86.ActiveCfg = Release|Win32
		{7F6B77B7-8D62-4916-A6C7-1BF49B0403AB}.Release|x86.Build.0 = Release|Win32
		{7F6B77B7-8D62-4916-A6C7-1BF49B0403AB}.Release-MD|x64.ActiveCfg = Release|x64
		{7F6B77B7-8D62-4916-A6C7-1BF49B0403AB}.Release-MD|x64.Build.0 = Release|x64
		{7F6B77B7-8D62-4916-A6C7-1BF49B0403AB}.Release-MD|x86.ActiveCfg = Release|Win32
		{7F6B77B7-8D62-4916-A6C7-1BF49B0403AB}.Release-MD|x86.Build.0 = Release|Win32
		{C3290AC1-EE24-4C43-A32C-6E6A6995D105}.Debug|x64.ActiveCfg = Debug|x64
		{C3290AC1-EE24-4C43-A32C-6E6A6995D105}.Debug|x64.Build.0 = Debug|x64
		{C3290AC1-EE24-4C43-A32C-6E6A6995D105}.Debug|x86.ActiveCfg = Debug|Win32
		{C3290AC1-EE24-4C43-A32C-6E6A6995D105}.Debug|x86.Build.0 = Debug|Win32
		{C3290AC1-EE24-4C43-A32C-6E6A6995D105}.Debug-MD|x64.ActiveCfg = Debug|x64
		{C3290AC1-EE24-4C43-A32C-6E6A6995D105}.Debug-MD|x64.Build.0 = Debug|x64
		{C3290AC1-EE24-4C43-A32C-6E6A6995D105}.Debug-MD|x86.ActiveCfg = Debug|Win32
		{C3290AC1-EE24-4C43-A32C-6E6A6995D105}.Debug-MD|x86.Build.0 = Debug|Win32
		{C3290AC1-EE24-4C43-A32C-6E6A6995D105}.Release|x64.ActiveCfg = Release|x64
		{C3290AC1-EE24-4C43-A32C-6E6A6995D105}.Release|x64.Build.0 = Release|x64
		{C3290AC1-EE24-4C43-A32C-6E6A6995D105}.Release|x86.ActiveCfg = Release|Win32
		{C3290AC1-EE24-4C43-A32C-6E6A6995D105}.Release|x86.Build.0 = Release|Win32
		{C3290AC1-EE24-4C43-A32C-6E6A6995D105}.Release-MD|x64.ActiveCfg = Release|x64
		{C3290AC1-EE24-4C43-A32C-6E6A6995D105}.Release-MD|x64.Build.0 = Release|x64
		{C3290AC1-EE24-4C43-A32C-6E6A6995D105}.Release-MD|x86.ActiveCfg = Release|Win32
		{C3290AC1-EE24-4C43-A32C-6E6A6995D105}.Release-MD|x86.Build.0 = Release|Win32
		{227EE074-C024-49BD-B564-8FA14F85A492}.Debug|x64.ActiveCfg = Debug|x64
		{227EE074-C024-49BD-B564-8FA14F85A492}.Debug|x64.Build.0 = Debug|x64
		{227EE074-C024-49BD-B564-8FA14F85A492}.Debug|x86.ActiveCfg = Debug|Win32
		{227EE074-C024-49BD-B564-8FA14F85A492}.Debug|x86.Build.0 = Debug|Win32
		{227EE074-C024-49BD-B564-8FA14F85A492}.Debug-MD|x64.ActiveCfg = Debug|x64
		{227EE074-C024-49BD-B564-8FA14F85A492}.Debug-MD|x64.Build.0 = Debug|x64
		{227EE074-C024-49BD-B564-8FA14F85A492}.Debug-MD|x86.ActiveCfg = Debug|Win32
		{227EE074-C024-49BD-B564-8FA14F85A492}.Debug-MD|x86.Build.0 = Debug|Win32
		{227EE074-C024-49BD-B564-8FA14F85A492}.Release|x64.ActiveCfg = Release|x64
		{227EE074-C024-49BD-B564-8FA14F85A492}.Release|x64.Build.0 = Release|x64
		{227EE074-C024-49BD-B564-8FA14F85A492}.Release|x86.ActiveCfg = Release|Win32
		{227EE074-C024-49BD-B564-8FA14F85A492}.Release|x86.Build.0 = Release|Win32
		{227EE074-C024-49BD-B564-8FA14F85A492}.Release-MD|x64.ActiveCfg = Release|x64
		{227EE074-C024-49BD-B564-8FA14F85A492}.Release-MD|x64.Build.0 = Release|x64
		{227EE074-C024-49BD-B564-8FA14F85A492}.Release-MD|x86.ActiveCfg = Release|Win32
		{227EE074-C024-49BD-B564-8FA14F85A492}.Release-MD|x86.Build.0 = Release|Win32
		{77B0BEBA-173C-49E6-A9E9-4BBA1552C411}.Debug|x64.ActiveCfg = Debug|x64
		{77B0BEBA-173C-49E6-A9E9-4BBA1552C411}.Debug|x64.Build.0 = Debug|x64
		{77B0BEBA-173C-49E6-A9E9-4BBA1552C411}.Debug|x86.ActiveCfg = Debug|Win32
		{77B0BEBA-173C-49E6-A9E9-4BBA1552C411}.Debug|x86.Build.0 = Debug|Win32
		{77B0BEBA-173C-49E6-A9E9-4BBA1552C411}.Debug-MD|x64.ActiveCfg = Debug|x64
		{77B0BEBA-173C-49E6-A9E9-4BBA1552C411}.Debug-MD|x64.Build.0 = Debug|x64
		{77B0BEBA-173C-49E6-A9E9-4BBA1552C411}.Debug-MD|x86.ActiveCfg = Debug|Win32
		{77B0BEBA-173C-49E6-A9E9-4BBA1552C411}.Debug-MD|x86.Build.0 = Debug|Win32
		{77B0BEBA-173C-49E6-A9E9-4BBA1552C411}.Release|x64.ActiveCfg = Release|x64
		{77B0BEBA-173C-49E6-A9E9-4BBA1552C411}.Release|x64.Build.0 = Release|x64
		{77B0BEBA-173C-49E6-A9E9-4BBA1552C411}.Release|x86.ActiveCfg = Release|Win32
		{77B0BEBA-173C-49E6-A9E9-4BBA1552C411}.Release|x86.Build.0 = Release|Win32
		{77B0BEBA-173C-49E6-A9E9-4BBA1552C411}.Release-MD|x64.ActiveCfg = Release|x64
		{77B0BEBA-173C-49E6-A9E9-4BBA1552C411}.Release-MD|x64.Build.0 = Release|x64
		{77B0BEBA-173C-49E6-A9E9-4BBA1552C411}.Release-MD|x86.ActiveCfg = Release|Win32
		{77B0BEBA-173C-49E6-A9E9-4BBA1552C411}.Release-MD|x86.Build.0 = Release|Win32
	EndGlobalSection
	GlobalSection(SolutionProperties) = preSolution
		HideSolutionNode = FALSE
	EndGlobalSection
	GlobalSection(NestedProjects) = preSolution
		{59B29A7C-43CD-4EA2-8B9D-9B8C3F9F87F3} = {941A8A3B-2B38-4E67-B9AE-A3D7F6DC65D4}
		{5A8580E8-30D2-48F4-A44A-8441091F044F} = {941A8A3B-2B38-4E67-B9AE-A3D7F6DC65D4}
		{9820BCCA-0DA5-49EC-B9B9-B5155704DD61} = {C8D5274F-AC00-46C7-1F8D-E88E81087A52}
		{7F6B77B7-8D62-4916-A6C7-1BF49B0403AB} = {C8D5274F-AC00-46C7-1F8D-E88E81087A52}
		{C3290AC1-EE24-4C43-A32C-6E6A6995D105} = {C8D5274F-AC00-46C7-1F8D-E88E81087A52}
		{227EE074-C024-49BD-B564-8FA14F85A492} = {C8D5274F-AC00-46C7-1F8D-E88E81087A52}
		{77B0BEBA-173C-49E6-A9E9-4BBA1552C411} = {C8D5274F-AC00-46C7-1F8D-E88E81087A52}
	EndGlobalSection
	GlobalSection(ExtensibilityGlobals) = postSolution
		SolutionGuid = {8275BB8E-83CB-440D-AC2A-E95BE2E5960F}
	EndGlobalSection
EndGlobal
